
Microsoft Visual Studio Solution File, Format Version 12.00
# Visual Studio Version 17
VisualStudioVersion = 17.4.33110.190
MinimumVisualStudioVersion = 10.0.40219.1
Project("{9A19103F-16F7-4668-BE54-9A1E7A4F7556}") = "ShortUrl.Web", "ShortUrl\ShortUrl.Web.csproj", "{578A5909-7089-4601-9BB1-5C1CCE67E9FC}"
EndProject
Project("{9A19103F-16F7-4668-BE54-9A1E7A4F7556}") = "ShortUrl.ApplicationCore", "ShortUrl.ApplicationCore\ShortUrl.ApplicationCore.csproj", "{90A8906D-370B-43D2-B9C5-710E44481952}"
EndProject
Project("{9A19103F-16F7-4668-BE54-9A1E7A4F7556}") = "ShortUrl.Infrastructure", "ShortUrl.Infrastructure\ShortUrl.Infrastructure.csproj", "{CCE4DD58-F17A-4C9E-B588-AD6380D590DD}"
EndProject
Project("{FAE04EC0-301F-11D3-BF4B-00C04F79EFBC}") = "ShortUrl.Tests", "ShortUrl.Tests\ShortUrl.Tests.csproj", "{597741EF-8724-4619-B61E-06F26E628E3D}"
EndProject
Global
	GlobalSection(SolutionConfigurationPlatforms) = preSolution
		Debug|Any CPU = Debug|Any CPU
		Release|Any CPU = Release|Any CPU
	EndGlobalSection
	GlobalSection(ProjectConfigurationPlatforms) = postSolution
		{578A5909-7089-4601-9BB1-5C1CCE67E9FC}.Debug|Any CPU.ActiveCfg = Debug|Any CPU
		{578A5909-7089-4601-9BB1-5C1CCE67E9FC}.Debug|Any CPU.Build.0 = Debug|Any CPU
		{578A5909-7089-4601-9BB1-5C1CCE67E9FC}.Release|Any CPU.ActiveCfg = Release|Any CPU
		{578A5909-7089-4601-9BB1-5C1CCE67E9FC}.Release|Any CPU.Build.0 = Release|Any CPU
		{90A8906D-370B-43D2-B9C5-710E44481952}.Debug|Any CPU.ActiveCfg = Debug|Any CPU
		{90A8906D-370B-43D2-B9C5-710E44481952}.Debug|Any CPU.Build.0 = Debug|Any CPU
		{90A8906D-370B-43D2-B9C5-710E44481952}.Release|Any CPU.ActiveCfg = Release|Any CPU
		{90A8906D-370B-43D2-B9C5-710E44481952}.Release|Any CPU.Build.0 = Release|Any CPU
		{CCE4DD58-F17A-4C9E-B588-AD6380D590DD}.Debug|Any CPU.ActiveCfg = Debug|Any CPU
		{CCE4DD58-F17A-4C9E-B588-AD6380D590DD}.Debug|Any CPU.Build.0 = Debug|Any CPU
		{CCE4DD58-F17A-4C9E-B588-AD6380D590DD}.Release|Any CPU.ActiveCfg = Release|Any CPU
		{CCE4DD58-F17A-4C9E-B588-AD6380D590DD}.Release|Any CPU.Build.0 = Release|Any CPU
		{597741EF-8724-4619-B61E-06F26E628E3D}.Debug|Any CPU.ActiveCfg = Debug|Any CPU
		{597741EF-8724-4619-B61E-06F26E628E3D}.Debug|Any CPU.Build.0 = Debug|Any CPU
		{597741EF-8724-4619-B61E-06F26E628E3D}.Release|Any CPU.ActiveCfg = Release|Any CPU
		{597741EF-8724-4619-B61E-06F26E628E3D}.Release|Any CPU.Build.0 = Release|Any CPU
	EndGlobalSection
	GlobalSection(SolutionProperties) = preSolution
		HideSolutionNode = FALSE
	EndGlobalSection
	GlobalSection(ExtensibilityGlobals) = postSolution
		SolutionGuid = {6ED2338D-4110-4418-AAA9-B30AB99C3275}
	EndGlobalSection
EndGlobal
